# This file is automatically @generated by Cargo.
# It is not intended for manual editing.
version = 4

[[package]]
name = "cc"
version = "1.4.7"
source = "registry+https://github.com/rust-lang/crates.io-index"
checksum = "54413ede23c2daf518f35156dfde027feb2374004d63bd497f983c8db9c0e313"
dependencies = [
 "find-msvc-tools",
 "shlex",
]

[[package]]
name = "find-msvc-tools"
version = "0.1.13"
source = "registry+https://github.com/rust-lang/crates.io-index"
checksum = "ef25905e51abafe4dcea6c15fec58c57b601cdbd0ee53d22ea1d3016c587d39b"

[[package]]
name = "libc"
version = "0.2.189"
source = "registry+https://github.com/rust-lang/crates.io-index"
checksum = "3eaf3ede3fee6db1a4c2ee091bf8a8b4dccdc6d17f656fb07896ee72867612f2"

[[package]]
name = "polars_jemalloc_probe"
version = "0.0.0"
dependencies = [
 "libc",
 "tikv-jemalloc-sys",
 "tikv-jemallocator",
]

[[package]]
name = "shlex"
version = "2.0.1"
source = "registry+https://github.com/rust-lang/crates.io-index"
checksum = "f8fadd59c855ef2080decdef8ff161eb6661b86933c9d82e5ba29dc602a55aba"

[[package]]
name = "tikv-jemalloc-sys"
version = "0.7.1+5.3.1-0-g81034ce1f1373e37dc865038e1bc8eeecf559ce8"
source = "git+https://github.com/pola-rs/jemallocator?rev=0d683dfb157097e2075d5e0eaf25f71f514a7552#0d683dfb157097e2075d5e0eaf25f71f514a7552"
dependencies = [
 "cc",
 "libc",
]

[[package]]
name = "tikv-jemallocator"
version = "0.7.0"
source = "registry+https://github.com/rust-lang/crates.io-index"
checksum = "249f09e49ab1609436f34c776e84231bead18d6a955f119f939bdc1d847561bd"
dependencies = [
 "libc",
 "tikv-jemalloc-sys",
]
